
Microsoft Visual Studio Solution File, Format Version 12.00
# Visual Studio Version 16
VisualStudioVersion = 16.0.31424.327
MinimumVisualStudioVersion = 10.0.40219.1
Project("{FAE04EC0-301F-11D3-BF4B-00C04F79EFBC}") = "CodeBattle-API", "CodeBattle-API.csproj", "{F4975A40-A0C1-421A-9820-EAE526D47550}"
EndProject
Global
	GlobalSection(SolutionConfigurationPlatforms) = preSolution
		Debug|Any CPU = Debug|Any CPU
		Release|Any CPU = Release|Any CPU
	EndGlobalSection
	GlobalSection(ProjectConfigurationPlatforms) = postSolution
		{F4975A40-A0C1-421A-9820-EAE526D47550}.Debug|Any CPU.ActiveCfg = Debug|Any CPU
		{F4975A40-A0C1-421A-9820-EAE526D47550}.Debug|Any CPU.Build.0 = Debug|Any CPU
		{F4975A40-A0C1-421A-9820-EAE526D47550}.Release|Any CPU.ActiveCfg = Release|Any CPU
		{F4975A40-A0C1-421A-9820-EAE526D47550}.Release|Any CPU.Build.0 = Release|Any CPU
	EndGlobalSection
	GlobalSection(SolutionProperties) = preSolution
		HideSolutionNode = FALSE
	EndGlobalSection
	GlobalSection(ExtensibilityGlobals) = postSolution
		SolutionGuid = {96F4DA4E-F9C4-41FC-AAAD-3D3E3976A8D1}
	EndGlobalSection
EndGlobal
